
Microsoft Visual Studio Solution File, Format Version 12.00
# Visual Studio Version 17
VisualStudioVersion = 17.13.35931.197 d17.13
MinimumVisualStudioVersion = 10.0.40219.1
Project("{FAE04EC0-301F-11D3-BF4B-00C04F79EFBC}") = "IABasic", "IABasic.csproj", "{6AA54F3B-21CF-4A5A-99DE-10EDDCCB93FA}"
EndProject
Global
	GlobalSection(SolutionConfigurationPlatforms) = preSolution
		Debug|Any CPU = Debug|Any CPU
		Release|Any CPU = Release|Any CPU
	EndGlobalSection
	GlobalSection(ProjectConfigurationPlatforms) = postSolution
		{6AA54F3B-21CF-4A5A-99DE-10EDDCCB93FA}.Debug|Any CPU.ActiveCfg = Debug|Any CPU
		{6AA54F3B-21CF-4A5A-99DE-10EDDCCB93FA}.Debug|Any CPU.Build.0 = Debug|Any CPU
		{6AA54F3B-21CF-4A5A-99DE-10EDDCCB93FA}.Release|Any CPU.ActiveCfg = Release|Any CPU
		{6AA54F3B-21CF-4A5A-99DE-10EDDCCB93FA}.Release|Any CPU.Build.0 = Release|Any CPU
	EndGlobalSection
	GlobalSection(SolutionProperties) = preSolution
		HideSolutionNode = FALSE
	EndGlobalSection
	GlobalSection(ExtensibilityGlobals) = postSolution
		SolutionGuid = {A584788E-6980-430F-AB29-C8391F0661D2}
	EndGlobalSection
EndGlobal
